// !$*UTF8*$!
{
	archiveVersion = 1;
	classes = {
	};
	objectVersion = 56;
	objects = {
		/* Begin PBXBuildFile section */
		/* App */
		001 /* SpeedyVanDriverApp.swift in Sources */ = {isa = PBXBuildFile; };
		002 /* AppDelegate.swift in Sources */ = {isa = PBXBuildFile; };
		
		/* Config */
		100 /* AppConfig.swift in Sources */ = {isa = PBXBuildFile; };
		
		/* Models */
		200 /* User.swift in Sources */ = {isa = PBXBuildFile; };
		201 /* Job.swift in Sources */ = {isa = PBXBuildFile; };
		202 /* Location.swift in Sources */ = {isa = PBXBuildFile; };
		203 /* Availability.swift in Sources */ = {isa = PBXBuildFile; };
		
		/* Services */
		300 /* NetworkService.swift in Sources */ = {isa = PBXBuildFile; };
		301 /* AuthService.swift in Sources */ = {isa = PBXBuildFile; };
		302 /* JobService.swift in Sources */ = {isa = PBXBuildFile; };
		303 /* LocationService.swift in Sources */ = {isa = PBXBuildFile; };
		304 /* NotificationService.swift in Sources */ = {isa = PBXBuildFile; };
		
		/* ViewModels */
		400 /* AuthViewModel.swift in Sources */ = {isa = PBXBuildFile; };
		401 /* DashboardViewModel.swift in Sources */ = {isa = PBXBuildFile; };
		402 /* JobsViewModel.swift in Sources */ = {isa = PBXBuildFile; };
		403 /* TrackingViewModel.swift in Sources */ = {isa = PBXBuildFile; };
		
		/* Views */
		500 /* LoginView.swift in Sources */ = {isa = PBXBuildFile; };
		501 /* SplashView.swift in Sources */ = {isa = PBXBuildFile; };
		502 /* DashboardView.swift in Sources */ = {isa = PBXBuildFile; };
		503 /* AvailabilityToggleView.swift in Sources */ = {isa = PBXBuildFile; };
		504 /* StatsCardView.swift in Sources */ = {isa = PBXBuildFile; };
		505 /* JobsListView.swift in Sources */ = {isa = PBXBuildFile; };
		506 /* JobCardView.swift in Sources */ = {isa = PBXBuildFile; };
		507 /* JobDetailView.swift in Sources */ = {isa = PBXBuildFile; };
		508 /* JobProgressView.swift in Sources */ = {isa = PBXBuildFile; };
		509 /* LoadingView.swift in Sources */ = {isa = PBXBuildFile; };
		510 /* ErrorView.swift in Sources */ = {isa = PBXBuildFile; };
		511 /* CustomButton.swift in Sources */ = {isa = PBXBuildFile; };
		
		/* Extensions */
		600 /* Color+Extensions.swift in Sources */ = {isa = PBXBuildFile; };
		601 /* View+Extensions.swift in Sources */ = {isa = PBXBuildFile; };
		602 /* Date+Extensions.swift in Sources */ = {isa = PBXBuildFile; };
		
		/* Assets */
		700 /* Assets.xcassets in Resources */ = {isa = PBXBuildFile; };
		/* End PBXBuildFile section */
		
		/* Begin PBXFileReference section */
		MainApp /* SpeedyVanDriver.app */ = {isa = PBXFileReference; explicitFileType = wrapper.application; includeInIndex = 0; path = SpeedyVanDriver.app; sourceTree = BUILT_PRODUCTS_DIR; };
		/* End PBXFileReference section */
		
		/* Begin PBXGroup section */
		Root = {
			isa = PBXGroup;
			children = (
				App,
				Config,
				Models,
				Services,
				ViewModels,
				Views,
				Extensions,
				Assets,
				Info.plist,
			);
			sourceTree = "<group>";
		};
		/* End PBXGroup section */
		
		/* Begin XCBuildConfiguration section */
		Debug = {
			isa = XCBuildConfiguration;
			buildSettings = {
				PRODUCT_NAME = SpeedyVanDriver;
				SWIFT_VERSION = 5.9;
				IPHONEOS_DEPLOYMENT_TARGET = 16.0;
			};
			name = Debug;
		};
		Release = {
			isa = XCBuildConfiguration;
			buildSettings = {
				PRODUCT_NAME = SpeedyVanDriver;
				SWIFT_VERSION = 5.9;
				IPHONEOS_DEPLOYMENT_TARGET = 16.0;
			};
			name = Release;
		};
		/* End XCBuildConfiguration section */
	};
	rootObject = RootObject /* Project object */;
}

